{
    "_readme": [
        "This file locks the dependencies of your project to a known state",
        "Read more about it at https://getcomposer.org/doc/01-basic-usage.md#composer-lock-the-lock-file",
        "This file is @generated automatically"
    ],
    "content-hash": "41745767d820de6297f2c9b46f3402f3",
    "packages": [
        {
            "name": "drmonty/leaflet",
            "version": "1.2.0",
            "source": {
                "type": "git",
                "url": "https://github.com/mrohnstock/leaflet.git",
                "reference": "a3dadc922d35ccdd59e0a8784ac549dbe838bce1"
            },
            "dist": {
                "type": "zip",
                "url": "https://api.github.com/repos/mrohnstock/leaflet/zipball/a3dadc922d35ccdd59e0a8784ac549dbe838bce1",
                "reference": "a3dadc922d35ccdd59e0a8784ac549dbe838bce1",
                "shasum": ""
            },
            "type": "component",
            "extra": {
                "component": {
                    "scripts": [
                        "js/leaflet.js"
                    ],
                    "files": [
                        "js/*.js",
                        "js/*.map",
                        "css/*.css",
                        "images/*.png"
                    ]
                }
            },
            "notification-url": "https://packagist.org/downloads/",
            "description": "JavaScript library for mobile-friendly interactive maps http://leafletjs.com",
            "homepage": "http://leafletjs.com/",
            "keywords": [
                "gis",
                "map"
            ],
            "time": "2017-08-09T06:14:11+00:00"
        }
    ],
    "packages-dev": [],
    "aliases": [],
    "minimum-stability": "stable",
    "stability-flags": [],
    "prefer-stable": false,
    "prefer-lowest": false,
    "platform": {
        "php": ">=5.5.9"
    },
    "platform-dev": []
}
